
Microsoft Visual Studio Solution File, Format Version 12.00
# Visual Studio Version 17
VisualStudioVersion = 17.3.32825.248
MinimumVisualStudioVersion = 10.0.40219.1
Project("{FAE04EC0-301F-11D3-BF4B-00C04F79EFBC}") = "training15-09-22", "training15-09-22\training15-09-22.csproj", "{AF889D25-0FE7-411D-AA95-54D66EE6186C}"
EndProject
Project("{FAE04EC0-301F-11D3-BF4B-00C04F79EFBC}") = "Utilities", "Utilities\Utilities.csproj", "{A0705C60-ECE9-43B7-AC6B-CBB154A0788F}"
EndProject
Global
	GlobalSection(SolutionConfigurationPlatforms) = preSolution
		Debug|Any CPU = Debug|Any CPU
		Release|Any CPU = Release|Any CPU
	EndGlobalSection
	GlobalSection(ProjectConfigurationPlatforms) = postSolution
		{AF889D25-0FE7-411D-AA95-54D66EE6186C}.Debug|Any CPU.ActiveCfg = Debug|Any CPU
		{AF889D25-0FE7-411D-AA95-54D66EE6186C}.Debug|Any CPU.Build.0 = Debug|Any CPU
		{AF889D25-0FE7-411D-AA95-54D66EE6186C}.Release|Any CPU.ActiveCfg = Release|Any CPU
		{AF889D25-0FE7-411D-AA95-54D66EE6186C}.Release|Any CPU.Build.0 = Release|Any CPU
		{A0705C60-ECE9-43B7-AC6B-CBB154A0788F}.Debug|Any CPU.ActiveCfg = Debug|Any CPU
		{A0705C60-ECE9-43B7-AC6B-CBB154A0788F}.Debug|Any CPU.Build.0 = Debug|Any CPU
		{A0705C60-ECE9-43B7-AC6B-CBB154A0788F}.Release|Any CPU.ActiveCfg = Release|Any CPU
		{A0705C60-ECE9-43B7-AC6B-CBB154A0788F}.Release|Any CPU.Build.0 = Release|Any CPU
	EndGlobalSection
	GlobalSection(SolutionProperties) = preSolution
		HideSolutionNode = FALSE
	EndGlobalSection
	GlobalSection(ExtensibilityGlobals) = postSolution
		SolutionGuid = {2AD7F5C3-751A-4AD6-86E9-336DDEE40BCB}
	EndGlobalSection
EndGlobal
